
Microsoft Visual Studio Solution File, Format Version 12.00
# Visual Studio 15
VisualStudioVersion = 15.0.28307.960
MinimumVisualStudioVersion = 10.0.40219.1
Project("{F184B08F-C81C-45F6-A57F-5ABD9991F28F}") = "AsynchronousCancellationTokenSample", "AsynchronousCancellationTokenSample\AsynchronousCancellationTokenSample.vbproj", "{F889BA1E-9A12-4EB7-928A-4E7AB7313F01}"
EndProject
Project("{2150E333-8FDC-42A3-9474-1A3956D46DE8}") = "Solution Items", "Solution Items", "{5C9FCB16-C38B-45D7-9A90-2768E21D34D3}"
	ProjectSection(SolutionItems) = preProject
		..\EntityFrameworkCoreProjectsVisualBasic\DataScripts.sql = ..\EntityFrameworkCoreProjectsVisualBasic\DataScripts.sql
		readme.md = readme.md
	EndProjectSection
EndProject
Project("{F184B08F-C81C-45F6-A57F-5ABD9991F28F}") = "AsyncTaskProgress1", "AsyncIProgress\AsyncTaskProgress1.vbproj", "{4EAAD1E4-D25C-46D4-AAB7-14646D346BED}"
EndProject
Project("{F184B08F-C81C-45F6-A57F-5ABD9991F28F}") = "ReadingDelimitedFiles", "ReadingDelimitedFiles\ReadingDelimitedFiles.vbproj", "{04056508-2008-41C1-BF3C-2B2267EAB3AA}"
EndProject
Project("{F184B08F-C81C-45F6-A57F-5ABD9991F28F}") = "SqlServerSimpleAsync", "SqlServerSimpleAsync\SqlServerSimpleAsync.vbproj", "{61B9B3B3-17EE-440E-B039-1D57CA91FE33}"
EndProject
Project("{F184B08F-C81C-45F6-A57F-5ABD9991F28F}") = "EnumerateFilesAsync", "EnumerateFilesAsync\EnumerateFilesAsync.vbproj", "{6A626EA9-1C9D-401A-BA8F-3530EA14C07F}"
EndProject
Project("{F184B08F-C81C-45F6-A57F-5ABD9991F28F}") = "CopyFileAsync", "CopyFileAsync\CopyFileAsync.vbproj", "{01518236-B280-4AAF-9C66-738F92408DE1}"
EndProject
Global
	GlobalSection(SolutionConfigurationPlatforms) = preSolution
		Debug|Any CPU = Debug|Any CPU
		Release|Any CPU = Release|Any CPU
	EndGlobalSection
	GlobalSection(ProjectConfigurationPlatforms) = postSolution
		{F889BA1E-9A12-4EB7-928A-4E7AB7313F01}.Debug|Any CPU.ActiveCfg = Debug|Any CPU
		{F889BA1E-9A12-4EB7-928A-4E7AB7313F01}.Debug|Any CPU.Build.0 = Debug|Any CPU
		{F889BA1E-9A12-4EB7-928A-4E7AB7313F01}.Release|Any CPU.ActiveCfg = Release|Any CPU
		{F889BA1E-9A12-4EB7-928A-4E7AB7313F01}.Release|Any CPU.Build.0 = Release|Any CPU
		{4EAAD1E4-D25C-46D4-AAB7-14646D346BED}.Debug|Any CPU.ActiveCfg = Debug|Any CPU
		{4EAAD1E4-D25C-46D4-AAB7-14646D346BED}.Debug|Any CPU.Build.0 = Debug|Any CPU
		{4EAAD1E4-D25C-46D4-AAB7-14646D346BED}.Release|Any CPU.ActiveCfg = Release|Any CPU
		{4EAAD1E4-D25C-46D4-AAB7-14646D346BED}.Release|Any CPU.Build.0 = Release|Any CPU
		{04056508-2008-41C1-BF3C-2B2267EAB3AA}.Debug|Any CPU.ActiveCfg = Debug|Any CPU
		{04056508-2008-41C1-BF3C-2B2267EAB3AA}.Debug|Any CPU.Build.0 = Debug|Any CPU
		{04056508-2008-41C1-BF3C-2B2267EAB3AA}.Release|Any CPU.ActiveCfg = Release|Any CPU
		{04056508-2008-41C1-BF3C-2B2267EAB3AA}.Release|Any CPU.Build.0 = Release|Any CPU
		{61B9B3B3-17EE-440E-B039-1D57CA91FE33}.Debug|Any CPU.ActiveCfg = Debug|Any CPU
		{61B9B3B3-17EE-440E-B039-1D57CA91FE33}.Debug|Any CPU.Build.0 = Debug|Any CPU
		{61B9B3B3-17EE-440E-B039-1D57CA91FE33}.Release|Any CPU.ActiveCfg = Release|Any CPU
		{61B9B3B3-17EE-440E-B039-1D57CA91FE33}.Release|Any CPU.Build.0 = Release|Any CPU
		{6A626EA9-1C9D-401A-BA8F-3530EA14C07F}.Debug|Any CPU.ActiveCfg = Debug|Any CPU
		{6A626EA9-1C9D-401A-BA8F-3530EA14C07F}.Debug|Any CPU.Build.0 = Debug|Any CPU
		{6A626EA9-1C9D-401A-BA8F-3530EA14C07F}.Release|Any CPU.ActiveCfg = Release|Any CPU
		{6A626EA9-1C9D-401A-BA8F-3530EA14C07F}.Release|Any CPU.Build.0 = Release|Any CPU
		{01518236-B280-4AAF-9C66-738F92408DE1}.Debug|Any CPU.ActiveCfg = Debug|Any CPU
		{01518236-B280-4AAF-9C66-738F92408DE1}.Debug|Any CPU.Build.0 = Debug|Any CPU
		{01518236-B280-4AAF-9C66-738F92408DE1}.Release|Any CPU.ActiveCfg = Release|Any CPU
		{01518236-B280-4AAF-9C66-738F92408DE1}.Release|Any CPU.Build.0 = Release|Any CPU
	EndGlobalSection
	GlobalSection(SolutionProperties) = preSolution
		HideSolutionNode = FALSE
	EndGlobalSection
	GlobalSection(ExtensibilityGlobals) = postSolution
		SolutionGuid = {2C99DE29-9097-4445-BAA7-D155C91EECD4}
	EndGlobalSection
EndGlobal
